
Microsoft Visual Studio Solution File, Format Version 12.00
Project("{FAE04EC0-301F-11D3-BF4B-00C04F79EFBC}") = "Core", "Core\Core.csproj", "{33BE463D-B880-4FB2-8381-E0D0E0A2FC51}"
EndProject
Project("{2150E333-8FDC-42A3-9474-1A3956D46DE8}") = "CompilerService", "CompilerService", "{29E7259B-B95C-4A48-9C4F-1E7DC13794E6}"
EndProject
Project("{FAE04EC0-301F-11D3-BF4B-00C04F79EFBC}") = "CompilerService", "CompilerService\CompilerService.csproj", "{72D2E755-04E1-4D36-94FF-767C4C1E7BAC}"
EndProject
Project("{2150E333-8FDC-42A3-9474-1A3956D46DE8}") = "Tests", "Tests", "{A45701FC-7830-4599-A97B-1C129895447D}"
EndProject
Project("{FAE04EC0-301F-11D3-BF4B-00C04F79EFBC}") = "UnitTests", "UnitTests\UnitTests.csproj", "{55E16E8C-62E8-46E0-9544-F3FBF3D0979A}"
EndProject
Project("{2150E333-8FDC-42A3-9474-1A3956D46DE8}") = "TrackerService", "TrackerService", "{863712B4-6D39-4394-B8C7-33826F301539}"
EndProject
Project("{FAE04EC0-301F-11D3-BF4B-00C04F79EFBC}") = "TrackerService", "TrackerService\TrackerService.csproj", "{D83CA279-E0E2-40EF-9E8D-145419D28791}"
EndProject
Project("{FAE04EC0-301F-11D3-BF4B-00C04F79EFBC}") = "TrackerService.Contracts", "TrackerService.Contracts\TrackerService.Contracts.csproj", "{41BC8F4E-05ED-4700-8477-2E21D60F4729}"
EndProject
Project("{FAE04EC0-301F-11D3-BF4B-00C04F79EFBC}") = "TrackerService.DataAccess", "TrackerService.DataAccess\TrackerService.DataAccess.csproj", "{F0B0BC94-BA7E-42C0-B810-BFE15DD0211B}"
EndProject
Project("{2150E333-8FDC-42A3-9474-1A3956D46DE8}") = "UserService", "UserService", "{264EE9FC-C8AF-4B4B-B095-C4D1825860D4}"
EndProject
Project("{FAE04EC0-301F-11D3-BF4B-00C04F79EFBC}") = "UserService", "UserService\UserService.csproj", "{EF28D0AC-33E1-478F-88F5-2B4DDA70D030}"
EndProject
Project("{FAE04EC0-301F-11D3-BF4B-00C04F79EFBC}") = "UserService.DAL", "UserService.DAL\UserService.DAL.csproj", "{798E248D-21C5-4AEF-BF8C-7A52BF41F8ED}"
EndProject
Project("{FAE04EC0-301F-11D3-BF4B-00C04F79EFBC}") = "TaskTestsProvider", "TaskTestsProvider\TaskTestsProvider.csproj", "{D16AA5CA-8ADD-4353-A586-7D4DA494D617}"
EndProject
Global
	GlobalSection(SolutionConfigurationPlatforms) = preSolution
		Debug|Any CPU = Debug|Any CPU
		Release|Any CPU = Release|Any CPU
	EndGlobalSection
	GlobalSection(ProjectConfigurationPlatforms) = postSolution
		{33BE463D-B880-4FB2-8381-E0D0E0A2FC51}.Debug|Any CPU.ActiveCfg = Debug|Any CPU
		{33BE463D-B880-4FB2-8381-E0D0E0A2FC51}.Debug|Any CPU.Build.0 = Debug|Any CPU
		{33BE463D-B880-4FB2-8381-E0D0E0A2FC51}.Release|Any CPU.ActiveCfg = Release|Any CPU
		{33BE463D-B880-4FB2-8381-E0D0E0A2FC51}.Release|Any CPU.Build.0 = Release|Any CPU
		{72D2E755-04E1-4D36-94FF-767C4C1E7BAC}.Debug|Any CPU.ActiveCfg = Debug|Any CPU
		{72D2E755-04E1-4D36-94FF-767C4C1E7BAC}.Debug|Any CPU.Build.0 = Debug|Any CPU
		{72D2E755-04E1-4D36-94FF-767C4C1E7BAC}.Release|Any CPU.ActiveCfg = Release|Any CPU
		{72D2E755-04E1-4D36-94FF-767C4C1E7BAC}.Release|Any CPU.Build.0 = Release|Any CPU
		{55E16E8C-62E8-46E0-9544-F3FBF3D0979A}.Debug|Any CPU.ActiveCfg = Debug|Any CPU
		{55E16E8C-62E8-46E0-9544-F3FBF3D0979A}.Debug|Any CPU.Build.0 = Debug|Any CPU
		{55E16E8C-62E8-46E0-9544-F3FBF3D0979A}.Release|Any CPU.ActiveCfg = Release|Any CPU
		{55E16E8C-62E8-46E0-9544-F3FBF3D0979A}.Release|Any CPU.Build.0 = Release|Any CPU
		{D83CA279-E0E2-40EF-9E8D-145419D28791}.Debug|Any CPU.ActiveCfg = Debug|Any CPU
		{D83CA279-E0E2-40EF-9E8D-145419D28791}.Debug|Any CPU.Build.0 = Debug|Any CPU
		{D83CA279-E0E2-40EF-9E8D-145419D28791}.Release|Any CPU.ActiveCfg = Release|Any CPU
		{D83CA279-E0E2-40EF-9E8D-145419D28791}.Release|Any CPU.Build.0 = Release|Any CPU
		{41BC8F4E-05ED-4700-8477-2E21D60F4729}.Debug|Any CPU.ActiveCfg = Debug|Any CPU
		{41BC8F4E-05ED-4700-8477-2E21D60F4729}.Debug|Any CPU.Build.0 = Debug|Any CPU
		{41BC8F4E-05ED-4700-8477-2E21D60F4729}.Release|Any CPU.ActiveCfg = Release|Any CPU
		{41BC8F4E-05ED-4700-8477-2E21D60F4729}.Release|Any CPU.Build.0 = Release|Any CPU
		{F0B0BC94-BA7E-42C0-B810-BFE15DD0211B}.Debug|Any CPU.ActiveCfg = Debug|Any CPU
		{F0B0BC94-BA7E-42C0-B810-BFE15DD0211B}.Debug|Any CPU.Build.0 = Debug|Any CPU
		{F0B0BC94-BA7E-42C0-B810-BFE15DD0211B}.Release|Any CPU.ActiveCfg = Release|Any CPU
		{F0B0BC94-BA7E-42C0-B810-BFE15DD0211B}.Release|Any CPU.Build.0 = Release|Any CPU
		{EF28D0AC-33E1-478F-88F5-2B4DDA70D030}.Debug|Any CPU.ActiveCfg = Debug|Any CPU
		{EF28D0AC-33E1-478F-88F5-2B4DDA70D030}.Debug|Any CPU.Build.0 = Debug|Any CPU
		{EF28D0AC-33E1-478F-88F5-2B4DDA70D030}.Release|Any CPU.ActiveCfg = Release|Any CPU
		{EF28D0AC-33E1-478F-88F5-2B4DDA70D030}.Release|Any CPU.Build.0 = Release|Any CPU
		{798E248D-21C5-4AEF-BF8C-7A52BF41F8ED}.Debug|Any CPU.ActiveCfg = Debug|Any CPU
		{798E248D-21C5-4AEF-BF8C-7A52BF41F8ED}.Debug|Any CPU.Build.0 = Debug|Any CPU
		{798E248D-21C5-4AEF-BF8C-7A52BF41F8ED}.Release|Any CPU.ActiveCfg = Release|Any CPU
		{798E248D-21C5-4AEF-BF8C-7A52BF41F8ED}.Release|Any CPU.Build.0 = Release|Any CPU
		{D16AA5CA-8ADD-4353-A586-7D4DA494D617}.Debug|Any CPU.ActiveCfg = Debug|Any CPU
		{D16AA5CA-8ADD-4353-A586-7D4DA494D617}.Debug|Any CPU.Build.0 = Debug|Any CPU
		{D16AA5CA-8ADD-4353-A586-7D4DA494D617}.Release|Any CPU.ActiveCfg = Release|Any CPU
		{D16AA5CA-8ADD-4353-A586-7D4DA494D617}.Release|Any CPU.Build.0 = Release|Any CPU
	EndGlobalSection
	GlobalSection(NestedProjects) = preSolution
		{72D2E755-04E1-4D36-94FF-767C4C1E7BAC} = {29E7259B-B95C-4A48-9C4F-1E7DC13794E6}
		{55E16E8C-62E8-46E0-9544-F3FBF3D0979A} = {A45701FC-7830-4599-A97B-1C129895447D}
		{D83CA279-E0E2-40EF-9E8D-145419D28791} = {863712B4-6D39-4394-B8C7-33826F301539}
		{41BC8F4E-05ED-4700-8477-2E21D60F4729} = {863712B4-6D39-4394-B8C7-33826F301539}
		{F0B0BC94-BA7E-42C0-B810-BFE15DD0211B} = {863712B4-6D39-4394-B8C7-33826F301539}
		{EF28D0AC-33E1-478F-88F5-2B4DDA70D030} = {264EE9FC-C8AF-4B4B-B095-C4D1825860D4}
		{798E248D-21C5-4AEF-BF8C-7A52BF41F8ED} = {264EE9FC-C8AF-4B4B-B095-C4D1825860D4}
		{D16AA5CA-8ADD-4353-A586-7D4DA494D617} = {264EE9FC-C8AF-4B4B-B095-C4D1825860D4}
	EndGlobalSection
EndGlobal
